
Microsoft Visual Studio Solution File, Format Version 12.00
# Visual Studio 2013
VisualStudioVersion = 12.0.31101.0
MinimumVisualStudioVersion = 10.0.40219.1
Project("{FAE04EC0-301F-11D3-BF4B-00C04F79EFBC}") = "TentaOOAD.Lib", "TentaOOAD.Lib\TentaOOAD.Lib.csproj", "{EA11F50C-D953-40A4-8C1E-F4FF06D673D3}"
EndProject
Project("{F088123C-0E9E-452A-89E6-6BA2F21D5CAC}") = "TentaOOAD.Modeling", "TentaOOAD.Modeling\TentaOOAD.Modeling.modelproj", "{C46D27AA-A27B-4E7D-820A-ED9D5A915EED}"
EndProject
Project("{FAE04EC0-301F-11D3-BF4B-00C04F79EFBC}") = "TentaOOADTests", "TentaOOADTests\TentaOOADTests.csproj", "{3BAB717C-0CAE-40CA-8D2E-1F4BD3913171}"
EndProject
Global
	GlobalSection(SolutionConfigurationPlatforms) = preSolution
		Debug|Any CPU = Debug|Any CPU
		Release|Any CPU = Release|Any CPU
	EndGlobalSection
	GlobalSection(ProjectConfigurationPlatforms) = postSolution
		{EA11F50C-D953-40A4-8C1E-F4FF06D673D3}.Debug|Any CPU.ActiveCfg = Debug|Any CPU
		{EA11F50C-D953-40A4-8C1E-F4FF06D673D3}.Debug|Any CPU.Build.0 = Debug|Any CPU
		{EA11F50C-D953-40A4-8C1E-F4FF06D673D3}.Release|Any CPU.ActiveCfg = Release|Any CPU
		{EA11F50C-D953-40A4-8C1E-F4FF06D673D3}.Release|Any CPU.Build.0 = Release|Any CPU
		{C46D27AA-A27B-4E7D-820A-ED9D5A915EED}.Debug|Any CPU.ActiveCfg = Debug|Any CPU
		{C46D27AA-A27B-4E7D-820A-ED9D5A915EED}.Debug|Any CPU.Build.0 = Debug|Any CPU
		{C46D27AA-A27B-4E7D-820A-ED9D5A915EED}.Release|Any CPU.ActiveCfg = Release|Any CPU
		{C46D27AA-A27B-4E7D-820A-ED9D5A915EED}.Release|Any CPU.Build.0 = Release|Any CPU
		{3BAB717C-0CAE-40CA-8D2E-1F4BD3913171}.Debug|Any CPU.ActiveCfg = Debug|Any CPU
		{3BAB717C-0CAE-40CA-8D2E-1F4BD3913171}.Debug|Any CPU.Build.0 = Debug|Any CPU
		{3BAB717C-0CAE-40CA-8D2E-1F4BD3913171}.Release|Any CPU.ActiveCfg = Release|Any CPU
		{3BAB717C-0CAE-40CA-8D2E-1F4BD3913171}.Release|Any CPU.Build.0 = Release|Any CPU
	EndGlobalSection
	GlobalSection(SolutionProperties) = preSolution
		HideSolutionNode = FALSE
	EndGlobalSection
EndGlobal
